
Microsoft Visual Studio Solution File, Format Version 12.00
# Visual Studio Version 17
VisualStudioVersion = 17.2.32516.85
MinimumVisualStudioVersion = 10.0.40219.1
Project("{FAE04EC0-301F-11D3-BF4B-00C04F79EFBC}") = "DemoWebApi25052022", "DemoWebApi25052022\DemoWebApi25052022.csproj", "{8B47806D-3AF7-4505-A524-524C7C522B70}"
EndProject
Project("{FAE04EC0-301F-11D3-BF4B-00C04F79EFBC}") = "Demo.ViewModels", "Demo.ViewModels\Demo.ViewModels.csproj", "{8F39C023-878D-4FAE-8F68-D11F17D111F3}"
EndProject
Project("{FAE04EC0-301F-11D3-BF4B-00C04F79EFBC}") = "Demo.Models", "Demo.Models\Demo.Models.csproj", "{AA49DE72-4AA5-47D8-9FD7-1089E943E492}"
EndProject
Project("{FAE04EC0-301F-11D3-BF4B-00C04F79EFBC}") = "Demo.Db", "Demo.Db\Demo.Db.csproj", "{F17DFA29-7FBB-4EF0-87A8-7469E5BA15C6}"
EndProject
Project("{FAE04EC0-301F-11D3-BF4B-00C04F79EFBC}") = "Demo.Shared", "Demo.Shared\Demo.Shared.csproj", "{763D5D11-67CC-41BC-90BF-C01E265CEEA3}"
EndProject
Global
	GlobalSection(SolutionConfigurationPlatforms) = preSolution
		Debug|Any CPU = Debug|Any CPU
		Release|Any CPU = Release|Any CPU
	EndGlobalSection
	GlobalSection(ProjectConfigurationPlatforms) = postSolution
		{8B47806D-3AF7-4505-A524-524C7C522B70}.Debug|Any CPU.ActiveCfg = Debug|Any CPU
		{8B47806D-3AF7-4505-A524-524C7C522B70}.Debug|Any CPU.Build.0 = Debug|Any CPU
		{8B47806D-3AF7-4505-A524-524C7C522B70}.Release|Any CPU.ActiveCfg = Release|Any CPU
		{8B47806D-3AF7-4505-A524-524C7C522B70}.Release|Any CPU.Build.0 = Release|Any CPU
		{8F39C023-878D-4FAE-8F68-D11F17D111F3}.Debug|Any CPU.ActiveCfg = Debug|Any CPU
		{8F39C023-878D-4FAE-8F68-D11F17D111F3}.Debug|Any CPU.Build.0 = Debug|Any CPU
		{8F39C023-878D-4FAE-8F68-D11F17D111F3}.Release|Any CPU.ActiveCfg = Release|Any CPU
		{8F39C023-878D-4FAE-8F68-D11F17D111F3}.Release|Any CPU.Build.0 = Release|Any CPU
		{AA49DE72-4AA5-47D8-9FD7-1089E943E492}.Debug|Any CPU.ActiveCfg = Debug|Any CPU
		{AA49DE72-4AA5-47D8-9FD7-1089E943E492}.Debug|Any CPU.Build.0 = Debug|Any CPU
		{AA49DE72-4AA5-47D8-9FD7-1089E943E492}.Release|Any CPU.ActiveCfg = Release|Any CPU
		{AA49DE72-4AA5-47D8-9FD7-1089E943E492}.Release|Any CPU.Build.0 = Release|Any CPU
		{F17DFA29-7FBB-4EF0-87A8-7469E5BA15C6}.Debug|Any CPU.ActiveCfg = Debug|Any CPU
		{F17DFA29-7FBB-4EF0-87A8-7469E5BA15C6}.Debug|Any CPU.Build.0 = Debug|Any CPU
		{F17DFA29-7FBB-4EF0-87A8-7469E5BA15C6}.Release|Any CPU.ActiveCfg = Release|Any CPU
		{F17DFA29-7FBB-4EF0-87A8-7469E5BA15C6}.Release|Any CPU.Build.0 = Release|Any CPU
		{763D5D11-67CC-41BC-90BF-C01E265CEEA3}.Debug|Any CPU.ActiveCfg = Debug|Any CPU
		{763D5D11-67CC-41BC-90BF-C01E265CEEA3}.Debug|Any CPU.Build.0 = Debug|Any CPU
		{763D5D11-67CC-41BC-90BF-C01E265CEEA3}.Release|Any CPU.ActiveCfg = Release|Any CPU
		{763D5D11-67CC-41BC-90BF-C01E265CEEA3}.Release|Any CPU.Build.0 = Release|Any CPU
	EndGlobalSection
	GlobalSection(SolutionProperties) = preSolution
		HideSolutionNode = FALSE
	EndGlobalSection
	GlobalSection(ExtensibilityGlobals) = postSolution
		SolutionGuid = {82639E07-A482-4F52-895B-214E2F47F4E9}
	EndGlobalSection
EndGlobal
